
Microsoft Visual Studio Solution File, Format Version 12.00
# Visual Studio Version 17
VisualStudioVersion = 17.7.34221.43
MinimumVisualStudioVersion = 10.0.40219.1
Project("{FAE04EC0-301F-11D3-BF4B-00C04F79EFBC}") = "WpfImporter", "WpfImporter\WpfImporter.csproj", "{038F2C65-FE79-4832-8892-FC833A9E3FF4}"
EndProject
Global
	GlobalSection(SolutionConfigurationPlatforms) = preSolution
		Debug|Any CPU = Debug|Any CPU
		Release|Any CPU = Release|Any CPU
	EndGlobalSection
	GlobalSection(ProjectConfigurationPlatforms) = postSolution
		{038F2C65-FE79-4832-8892-FC833A9E3FF4}.Debug|Any CPU.ActiveCfg = Debug|Any CPU
		{038F2C65-FE79-4832-8892-FC833A9E3FF4}.Debug|Any CPU.Build.0 = Debug|Any CPU
		{038F2C65-FE79-4832-8892-FC833A9E3FF4}.Release|Any CPU.ActiveCfg = Release|Any CPU
		{038F2C65-FE79-4832-8892-FC833A9E3FF4}.Release|Any CPU.Build.0 = Release|Any CPU
	EndGlobalSection
	GlobalSection(SolutionProperties) = preSolution
		HideSolutionNode = FALSE
	EndGlobalSection
	GlobalSection(ExtensibilityGlobals) = postSolution
		SolutionGuid = {20A8CAA4-7FD2-474B-9BF7-2FF5D63DC6C7}
	EndGlobalSection
EndGlobal
